
Microsoft Visual Studio Solution File, Format Version 12.00
# Visual Studio Version 16
VisualStudioVersion = 16.0.30621.155
MinimumVisualStudioVersion = 10.0.40219.1
Project("{FAE04EC0-301F-11D3-BF4B-00C04F79EFBC}") = "ProgrammingStudies", "ProgrammingStudies\ProgrammingStudies.csproj", "{63F3D589-E546-4F82-8A87-7E522CD50189}"
EndProject
Global
	GlobalSection(SolutionConfigurationPlatforms) = preSolution
		Debug|Any CPU = Debug|Any CPU
		Release|Any CPU = Release|Any CPU
	EndGlobalSection
	GlobalSection(ProjectConfigurationPlatforms) = postSolution
		{63F3D589-E546-4F82-8A87-7E522CD50189}.Debug|Any CPU.ActiveCfg = Debug|Any CPU
		{63F3D589-E546-4F82-8A87-7E522CD50189}.Debug|Any CPU.Build.0 = Debug|Any CPU
		{63F3D589-E546-4F82-8A87-7E522CD50189}.Release|Any CPU.ActiveCfg = Release|Any CPU
		{63F3D589-E546-4F82-8A87-7E522CD50189}.Release|Any CPU.Build.0 = Release|Any CPU
	EndGlobalSection
	GlobalSection(SolutionProperties) = preSolution
		HideSolutionNode = FALSE
	EndGlobalSection
	GlobalSection(ExtensibilityGlobals) = postSolution
		SolutionGuid = {FA711695-4241-4FE3-82FF-47246BE78FFE}
	EndGlobalSection
EndGlobal
